
Microsoft Visual Studio Solution File, Format Version 12.00
# Visual Studio Version 17
VisualStudioVersion = 17.5.33424.131
MinimumVisualStudioVersion = 10.0.40219.1
Project("{8BC9CEB8-8B4A-11D0-8D11-00A0C91BC942}") = "homework0", "homework0\homework0.vcxproj", "{C531CFCA-929D-4D3E-8D3A-743BD7D3515C}"
EndProject
Project("{8BC9CEB8-8B4A-11D0-8D11-00A0C91BC942}") = "homework1", "homework1\homework1.vcxproj", "{70E2E371-4384-4060-AB91-3AACCBB09108}"
EndProject
Project("{8BC9CEB8-8B4A-11D0-8D11-00A0C91BC942}") = "homework5", "homework5\homework5.vcxproj", "{C181D700-0CDB-4037-882F-A8B544FFE464}"
EndProject
Project("{8BC9CEB8-8B4A-11D0-8D11-00A0C91BC942}") = "homework6", "homework6\homework6.vcxproj", "{B6540CD4-F175-44FB-9CAB-0F15F7039D18}"
EndProject
Global
	GlobalSection(SolutionConfigurationPlatforms) = preSolution
		Debug|x64 = Debug|x64
		Debug|x86 = Debug|x86
		Release|x64 = Release|x64
		Release|x86 = Release|x86
	EndGlobalSection
	GlobalSection(ProjectConfigurationPlatforms) = postSolution
		{C531CFCA-929D-4D3E-8D3A-743BD7D3515C}.Debug|x64.ActiveCfg = Debug|x64
		{C531CFCA-929D-4D3E-8D3A-743BD7D3515C}.Debug|x64.Build.0 = Debug|x64
		{C531CFCA-929D-4D3E-8D3A-743BD7D3515C}.Debug|x86.ActiveCfg = Debug|Win32
		{C531CFCA-929D-4D3E-8D3A-743BD7D3515C}.Debug|x86.Build.0 = Debug|Win32
		{C531CFCA-929D-4D3E-8D3A-743BD7D3515C}.Release|x64.ActiveCfg = Release|x64
		{C531CFCA-929D-4D3E-8D3A-743BD7D3515C}.Release|x64.Build.0 = Release|x64
		{C531CFCA-929D-4D3E-8D3A-743BD7D3515C}.Release|x86.ActiveCfg = Release|Win32
		{C531CFCA-929D-4D3E-8D3A-743BD7D3515C}.Release|x86.Build.0 = Release|Win32
		{70E2E371-4384-4060-AB91-3AACCBB09108}.Debug|x64.ActiveCfg = Debug|x64
		{70E2E371-4384-4060-AB91-3AACCBB09108}.Debug|x64.Build.0 = Debug|x64
		{70E2E371-4384-4060-AB91-3AACCBB09108}.Debug|x86.ActiveCfg = Debug|Win32
		{70E2E371-4384-4060-AB91-3AACCBB09108}.Debug|x86.Build.0 = Debug|Win32
		{70E2E371-4384-4060-AB91-3AACCBB09108}.Release|x64.ActiveCfg = Release|x64
		{70E2E371-4384-4060-AB91-3AACCBB09108}.Release|x64.Build.0 = Release|x64
		{70E2E371-4384-4060-AB91-3AACCBB09108}.Release|x86.ActiveCfg = Release|Win32
		{70E2E371-4384-4060-AB91-3AACCBB09108}.Release|x86.Build.0 = Release|Win32
		{C181D700-0CDB-4037-882F-A8B544FFE464}.Debug|x64.ActiveCfg = Debug|x64
		{C181D700-0CDB-4037-882F-A8B544FFE464}.Debug|x64.Build.0 = Debug|x64
		{C181D700-0CDB-4037-882F-A8B544FFE464}.Debug|x86.ActiveCfg = Debug|Win32
		{C181D700-0CDB-4037-882F-A8B544FFE464}.Debug|x86.Build.0 = Debug|Win32
		{C181D700-0CDB-4037-882F-A8B544FFE464}.Release|x64.ActiveCfg = Release|x64
		{C181D700-0CDB-4037-882F-A8B544FFE464}.Release|x64.Build.0 = Release|x64
		{C181D700-0CDB-4037-882F-A8B544FFE464}.Release|x86.ActiveCfg = Release|Win32
		{C181D700-0CDB-4037-882F-A8B544FFE464}.Release|x86.Build.0 = Release|Win32
		{B6540CD4-F175-44FB-9CAB-0F15F7039D18}.Debug|x64.ActiveCfg = Debug|x64
		{B6540CD4-F175-44FB-9CAB-0F15F7039D18}.Debug|x64.Build.0 = Debug|x64
		{B6540CD4-F175-44FB-9CAB-0F15F7039D18}.Debug|x86.ActiveCfg = Debug|Win32
		{B6540CD4-F175-44FB-9CAB-0F15F7039D18}.Debug|x86.Build.0 = Debug|Win32
		{B6540CD4-F175-44FB-9CAB-0F15F7039D18}.Release|x64.ActiveCfg = Release|x64
		{B6540CD4-F175-44FB-9CAB-0F15F7039D18}.Release|x64.Build.0 = Release|x64
		{B6540CD4-F175-44FB-9CAB-0F15F7039D18}.Release|x86.ActiveCfg = Release|Win32
		{B6540CD4-F175-44FB-9CAB-0F15F7039D18}.Release|x86.Build.0 = Release|Win32
	EndGlobalSection
	GlobalSection(SolutionProperties) = preSolution
		HideSolutionNode = FALSE
	EndGlobalSection
	GlobalSection(ExtensibilityGlobals) = postSolution
		SolutionGuid = {71FD345B-59F1-44A9-B679-80E763549645}
	EndGlobalSection
EndGlobal
